
Microsoft Visual Studio Solution File, Format Version 12.00
# Visual Studio 14
VisualStudioVersion = 14.0.23107.0
MinimumVisualStudioVersion = 10.0.40219.1
Project("{FAE04EC0-301F-11D3-BF4B-00C04F79EFBC}") = "programik", "programik\programik.csproj", "{BAE31AAB-FEC1-4B50-8974-777DA072AC2D}"
EndProject
Global
	GlobalSection(SolutionConfigurationPlatforms) = preSolution
		Debug|Any CPU = Debug|Any CPU
		Release|Any CPU = Release|Any CPU
	EndGlobalSection
	GlobalSection(ProjectConfigurationPlatforms) = postSolution
		{BAE31AAB-FEC1-4B50-8974-777DA072AC2D}.Debug|Any CPU.ActiveCfg = Debug|Any CPU
		{BAE31AAB-FEC1-4B50-8974-777DA072AC2D}.Debug|Any CPU.Build.0 = Debug|Any CPU
		{BAE31AAB-FEC1-4B50-8974-777DA072AC2D}.Release|Any CPU.ActiveCfg = Release|Any CPU
		{BAE31AAB-FEC1-4B50-8974-777DA072AC2D}.Release|Any CPU.Build.0 = Release|Any CPU
	EndGlobalSection
	GlobalSection(SolutionProperties) = preSolution
		HideSolutionNode = FALSE
	EndGlobalSection
EndGlobal
